
Microsoft Visual Studio Solution File, Format Version 12.00
# Visual Studio Version 16
VisualStudioVersion = 16.0.28803.156
MinimumVisualStudioVersion = 10.0.40219.1
Project("{8BC9CEB8-8B4A-11D0-8D11-00A0C91BC942}") = "Lab1b LP", "Lab1b LP\Lab1b LP.vcxproj", "{55A3E1F5-2BBE-4803-83D0-F09AAD281BA6}"
EndProject
Global
	GlobalSection(SolutionConfigurationPlatforms) = preSolution
		Debug|x64 = Debug|x64
		Debug|x86 = Debug|x86
		Release|x64 = Release|x64
		Release|x86 = Release|x86
	EndGlobalSection
	GlobalSection(ProjectConfigurationPlatforms) = postSolution
		{55A3E1F5-2BBE-4803-83D0-F09AAD281BA6}.Debug|x64.ActiveCfg = Debug|x64
		{55A3E1F5-2BBE-4803-83D0-F09AAD281BA6}.Debug|x64.Build.0 = Debug|x64
		{55A3E1F5-2BBE-4803-83D0-F09AAD281BA6}.Debug|x86.ActiveCfg = Debug|Win32
		{55A3E1F5-2BBE-4803-83D0-F09AAD281BA6}.Debug|x86.Build.0 = Debug|Win32
		{55A3E1F5-2BBE-4803-83D0-F09AAD281BA6}.Release|x64.ActiveCfg = Release|x64
		{55A3E1F5-2BBE-4803-83D0-F09AAD281BA6}.Release|x64.Build.0 = Release|x64
		{55A3E1F5-2BBE-4803-83D0-F09AAD281BA6}.Release|x86.ActiveCfg = Release|Win32
		{55A3E1F5-2BBE-4803-83D0-F09AAD281BA6}.Release|x86.Build.0 = Release|Win32
	EndGlobalSection
	GlobalSection(SolutionProperties) = preSolution
		HideSolutionNode = FALSE
	EndGlobalSection
	GlobalSection(ExtensibilityGlobals) = postSolution
		SolutionGuid = {828EDA5D-2558-429E-8FFF-4D9EF474229A}
	EndGlobalSection
EndGlobal
