
Microsoft Visual Studio Solution File, Format Version 12.00
# Visual Studio Version 16
VisualStudioVersion = 16.0.29424.173
MinimumVisualStudioVersion = 10.0.40219.1
Project("{FAE04EC0-301F-11D3-BF4B-00C04F79EFBC}") = "AutoNuoma", "AutoNuoma\AutoNuoma.csproj", "{44572C02-605D-46AD-AA2B-1F3FFB33BC47}"
EndProject
Global
	GlobalSection(SolutionConfigurationPlatforms) = preSolution
		Debug|Any CPU = Debug|Any CPU
		Release|Any CPU = Release|Any CPU
	EndGlobalSection
	GlobalSection(ProjectConfigurationPlatforms) = postSolution
		{44572C02-605D-46AD-AA2B-1F3FFB33BC47}.Debug|Any CPU.ActiveCfg = Debug|Any CPU
		{44572C02-605D-46AD-AA2B-1F3FFB33BC47}.Debug|Any CPU.Build.0 = Debug|Any CPU
		{44572C02-605D-46AD-AA2B-1F3FFB33BC47}.Release|Any CPU.ActiveCfg = Release|Any CPU
		{44572C02-605D-46AD-AA2B-1F3FFB33BC47}.Release|Any CPU.Build.0 = Release|Any CPU
	EndGlobalSection
	GlobalSection(SolutionProperties) = preSolution
		HideSolutionNode = FALSE
	EndGlobalSection
	GlobalSection(ExtensibilityGlobals) = postSolution
		SolutionGuid = {12D75F9C-C167-4EC3-AFA0-D2D7B79F30FE}
	EndGlobalSection
EndGlobal
