
Microsoft Visual Studio Solution File, Format Version 12.00
# Visual Studio 15
VisualStudioVersion = 15.0.28307.1267
MinimumVisualStudioVersion = 10.0.40219.1
Project("{FAE04EC0-301F-11D3-BF4B-00C04F79EFBC}") = "OOP_rest_web_service", "OOP_rest_web_service\OOP_rest_web_service.csproj", "{6781C880-7882-49B9-B9C3-3AD03659DE8C}"
EndProject
Global
	GlobalSection(SolutionConfigurationPlatforms) = preSolution
		Debug|Any CPU = Debug|Any CPU
		Release|Any CPU = Release|Any CPU
	EndGlobalSection
	GlobalSection(ProjectConfigurationPlatforms) = postSolution
		{6781C880-7882-49B9-B9C3-3AD03659DE8C}.Debug|Any CPU.ActiveCfg = Debug|Any CPU
		{6781C880-7882-49B9-B9C3-3AD03659DE8C}.Debug|Any CPU.Build.0 = Debug|Any CPU
		{6781C880-7882-49B9-B9C3-3AD03659DE8C}.Release|Any CPU.ActiveCfg = Release|Any CPU
		{6781C880-7882-49B9-B9C3-3AD03659DE8C}.Release|Any CPU.Build.0 = Release|Any CPU
	EndGlobalSection
	GlobalSection(SolutionProperties) = preSolution
		HideSolutionNode = FALSE
	EndGlobalSection
	GlobalSection(ExtensibilityGlobals) = postSolution
		SolutionGuid = {78A5FF8A-F511-48F3-BAEC-D7F0AC432866}
	EndGlobalSection
EndGlobal
