
Microsoft Visual Studio Solution File, Format Version 12.00
# Visual Studio Version 16
VisualStudioVersion = 16.0.28803.156
MinimumVisualStudioVersion = 10.0.40219.1
Project("{FAE04EC0-301F-11D3-BF4B-00C04F79EFBC}") = "Uzduotis1", "Uzduotis1\Uzduotis1.csproj", "{02A59B37-313B-4580-99EF-3DC755BD1AA0}"
EndProject
Project("{9A19103F-16F7-4668-BE54-9A1E7A4F7556}") = "Uzduotis2", "Uzduotis2\Uzduotis2.csproj", "{7F8C8CCA-ACA9-4FB5-AA98-D0B983F48DE9}"
EndProject
Project("{9A19103F-16F7-4668-BE54-9A1E7A4F7556}") = "Uzduotis3", "Uzduotis3\Uzduotis3.csproj", "{8032E3A8-94B0-46BC-BA32-8ED2DE8AC02A}"
EndProject
Global
	GlobalSection(SolutionConfigurationPlatforms) = preSolution
		Debug|Any CPU = Debug|Any CPU
		Release|Any CPU = Release|Any CPU
	EndGlobalSection
	GlobalSection(ProjectConfigurationPlatforms) = postSolution
		{02A59B37-313B-4580-99EF-3DC755BD1AA0}.Debug|Any CPU.ActiveCfg = Debug|Any CPU
		{02A59B37-313B-4580-99EF-3DC755BD1AA0}.Debug|Any CPU.Build.0 = Debug|Any CPU
		{02A59B37-313B-4580-99EF-3DC755BD1AA0}.Release|Any CPU.ActiveCfg = Release|Any CPU
		{02A59B37-313B-4580-99EF-3DC755BD1AA0}.Release|Any CPU.Build.0 = Release|Any CPU
		{7F8C8CCA-ACA9-4FB5-AA98-D0B983F48DE9}.Debug|Any CPU.ActiveCfg = Debug|Any CPU
		{7F8C8CCA-ACA9-4FB5-AA98-D0B983F48DE9}.Debug|Any CPU.Build.0 = Debug|Any CPU
		{7F8C8CCA-ACA9-4FB5-AA98-D0B983F48DE9}.Release|Any CPU.ActiveCfg = Release|Any CPU
		{7F8C8CCA-ACA9-4FB5-AA98-D0B983F48DE9}.Release|Any CPU.Build.0 = Release|Any CPU
		{8032E3A8-94B0-46BC-BA32-8ED2DE8AC02A}.Debug|Any CPU.ActiveCfg = Debug|Any CPU
		{8032E3A8-94B0-46BC-BA32-8ED2DE8AC02A}.Debug|Any CPU.Build.0 = Debug|Any CPU
		{8032E3A8-94B0-46BC-BA32-8ED2DE8AC02A}.Release|Any CPU.ActiveCfg = Release|Any CPU
		{8032E3A8-94B0-46BC-BA32-8ED2DE8AC02A}.Release|Any CPU.Build.0 = Release|Any CPU
	EndGlobalSection
	GlobalSection(SolutionProperties) = preSolution
		HideSolutionNode = FALSE
	EndGlobalSection
	GlobalSection(ExtensibilityGlobals) = postSolution
		SolutionGuid = {C1A352B2-DB92-4C82-86D4-88F199DAA480}
	EndGlobalSection
EndGlobal
